// !$*UTF8*$!
{
	archiveVersion = 1;
	classes = {
	};
	objectVersion = 51;
	objects = {

/* Begin PBXBuildFile section */
		466A298B9405B97266CABF96 /* Pods_htn_MasterTests.framework in Frameworks */ = {isa = PBXBuildFile; fileRef = D656707228EFF2F9112D3009 /* Pods_htn_MasterTests.framework */; };
		6DC70DCE1A6113B0E437C5AE /* Pods_htn_Master.framework in Frameworks */ = {isa = PBXBuildFile; fileRef = B0D3411648DD89281415CCF3 /* Pods_htn_Master.framework */; };
		DA182945BE7830B09812E8C9 /* Pods_htn_MasterUITests.framework in Frameworks */ = {isa = PBXBuildFile; fileRef = CD0983D1910C9056B635798F /* Pods_htn_MasterUITests.framework */; };
		E7DEF322232D4EAA008296DB /* AppDelegate.swift in Sources */ = {isa = PBXBuildFile; fileRef = E7DEF321232D4EAA008296DB /* AppDelegate.swift */; };
		E7DEF324232D4EAA008296DB /* art.scnassets in Resources */ = {isa = PBXBuildFile; fileRef = E7DEF323232D4EAA008296DB /* art.scnassets */; };
		E7DEF326232D4EAA008296DB /* ViewController.swift in Sources */ = {isa = PBXBuildFile; fileRef = E7DEF325232D4EAA008296DB /* ViewController.swift */; };
		E7DEF329232D4EAA008296DB /* Main.storyboard in Resources */ = {isa = PBXBuildFile; fileRef = E7DEF327232D4EAA008296DB /* Main.storyboard */; };
		E7DEF32B232D4EAC008296DB /* Assets.xcassets in Resources */ = {isa = PBXBuildFile; fileRef = E7DEF32A232D4EAC008296DB /* Assets.xcassets */; };
		E7DEF32E232D4EAC008296DB /* LaunchScreen.storyboard in Resources */ = {isa = PBXBuildFile; fileRef = E7DEF32C232D4EAC008296DB /* LaunchScreen.storyboard */; };
		E7DEF339232D4EAC008296DB /* htn_MasterTests.swift in Sources */ = {isa = PBXBuildFile; fileRef = E7DEF338232D4EAC008296DB /* htn_MasterTests.swift */; };
		E7DEF344232D4EAC008296DB /* htn_MasterUITests.swift in Sources */ = {isa = PBXBuildFile; fileRef = E7DEF343232D4EAC008296DB /* htn_MasterUITests.swift */; };
/* End PBXBuildFile section */

/* Begin PBXContainerItemProxy section */
		E7DEF335232D4EAC008296DB /* PBXContainerItemProxy */ = {
			isa = PBXContainerItemProxy;
			containerPortal = E7DEF316232D4EAA008296DB /* Project object */;
			proxyType = 1;
			remoteGlobalIDString = E7DEF31D232D4EAA008296DB;
			remoteInfo = "htn-Master";
		};
		E7DEF340232D4EAC008296DB /* PBXContainerItemProxy */ = {
			isa = PBXContainerItemProxy;
			containerPortal = E7DEF316232D4EAA008296DB /* Project object */;
			proxyType = 1;
			remoteGlobalIDString = E7DEF31D232D4EAA008296DB;
			remoteInfo = "htn-Master";
		};
/* End PBXContainerItemProxy section */

/* Begin PBXFileReference section */
		06AAA009D027D2B4042549D2 /* Pods-htn-MasterTests.debug.xcconfig */ = {isa = PBXFileReference; includeInIndex = 1; lastKnownFileType = text.xcconfig; name = "Pods-htn-MasterTests.debug.xcconfig"; path = "Target Support Files/Pods-htn-MasterTests/Pods-htn-MasterTests.debug.xcconfig"; sourceTree = "<group>"; };
		64352D54F9665CC98BC46E76 /* Pods-htn-MasterUITests.release.xcconfig */ = {isa = PBXFileReference; includeInIndex = 1; lastKnownFileType = text.xcconfig; name = "Pods-htn-MasterUITests.release.xcconfig"; path = "Target Support Files/Pods-htn-MasterUITests/Pods-htn-MasterUITests.release.xcconfig"; sourceTree = "<group>"; };
		99FBD070F7D66F625E4F65DB /* Pods-htn-MasterTests.release.xcconfig */ = {isa = PBXFileReference; includeInIndex = 1; lastKnownFileType = text.xcconfig; name = "Pods-htn-MasterTests.release.xcconfig"; path = "Target Support Files/Pods-htn-MasterTests/Pods-htn-MasterTests.release.xcconfig"; sourceTree = "<group>"; };
		B0D3411648DD89281415CCF3 /* Pods_htn_Master.framework */ = {isa = PBXFileReference; explicitFileType = wrapper.framework; includeInIndex = 0; path = Pods_htn_Master.framework; sourceTree = BUILT_PRODUCTS_DIR; };
		C927CF7F927E73611EC1E398 /* Pods-htn-MasterUITests.debug.xcconfig */ = {isa = PBXFileReference; includeInIndex = 1; lastKnownFileType = text.xcconfig; name = "Pods-htn-MasterUITests.debug.xcconfig"; path = "Target Support Files/Pods-htn-MasterUITests/Pods-htn-MasterUITests.debug.xcconfig"; sourceTree = "<group>"; };
		CD0983D1910C9056B635798F /* Pods_htn_MasterUITests.framework */ = {isa = PBXFileReference; explicitFileType = wrapper.framework; includeInIndex = 0; path = Pods_htn_MasterUITests.framework; sourceTree = BUILT_PRODUCTS_DIR; };
		D656707228EFF2F9112D3009 /* Pods_htn_MasterTests.framework */ = {isa = PBXFileReference; explicitFileType = wrapper.framework; includeInIndex = 0; path = Pods_htn_MasterTests.framework; sourceTree = BUILT_PRODUCTS_DIR; };
		E30AD1E1FE8BB2A92FE3A0E6 /* Pods-htn-Master.debug.xcconfig */ = {isa = PBXFileReference; includeInIndex = 1; lastKnownFileType = text.xcconfig; name = "Pods-htn-Master.debug.xcconfig"; path = "Target Support Files/Pods-htn-Master/Pods-htn-Master.debug.xcconfig"; sourceTree = "<group>"; };
		E7DEF31E232D4EAA008296DB /* htn-Master.app */ = {isa = PBXFileReference; explicitFileType = wrapper.application; includeInIndex = 0; path = "htn-Master.app"; sourceTree = BUILT_PRODUCTS_DIR; };
		E7DEF321232D4EAA008296DB /* AppDelegate.swift */ = {isa = PBXFileReference; lastKnownFileType = sourcecode.swift; path = AppDelegate.swift; sourceTree = "<group>"; };
		E7DEF323232D4EAA008296DB /* art.scnassets */ = {isa = PBXFileReference; lastKnownFileType = wrapper.scnassets; path = art.scnassets; sourceTree = "<group>"; };
		E7DEF325232D4EAA008296DB /* ViewController.swift */ = {isa = PBXFileReference; lastKnownFileType = sourcecode.swift; path = ViewController.swift; sourceTree = "<group>"; };
		E7DEF328232D4EAA008296DB /* Base */ = {isa = PBXFileReference; lastKnownFileType = file.storyboard; name = Base; path = Base.lproj/Main.storyboard; sourceTree = "<group>"; };
		E7DEF32A232D4EAC008296DB /* Assets.xcassets */ = {isa = PBXFileReference; lastKnownFileType = folder.assetcatalog; path = Assets.xcassets; sourceTree = "<group>"; };
		E7DEF32D232D4EAC008296DB /* Base */ = {isa = PBXFileReference; lastKnownFileType = file.storyboard; name = Base; path = Base.lproj/LaunchScreen.storyboard; sourceTree = "<group>"; };
		E7DEF32F232D4EAC008296DB /* Info.plist */ = {isa = PBXFileReference; lastKnownFileType = text.plist.xml; path = Info.plist; sourceTree = "<group>"; };
		E7DEF334232D4EAC008296DB /* htn-MasterTests.xctest */ = {isa = PBXFileReference; explicitFileType = wrapper.cfbundle; includeInIndex = 0; path = "htn-MasterTests.xctest"; sourceTree = BUILT_PRODUCTS_DIR; };
		E7DEF338232D4EAC008296DB /* htn_MasterTests.swift */ = {isa = PBXFileReference; lastKnownFileType = sourcecode.swift; path = htn_MasterTests.swift; sourceTree = "<group>"; };
		E7DEF33A232D4EAC008296DB /* Info.plist */ = {isa = PBXFileReference; lastKnownFileType = text.plist.xml; path = Info.plist; sourceTree = "<group>"; };
		E7DEF33F232D4EAC008296DB /* htn-MasterUITests.xctest */ = {isa = PBXFileReference; explicitFileType = wrapper.cfbundle; includeInIndex = 0; path = "htn-MasterUITests.xctest"; sourceTree = BUILT_PRODUCTS_DIR; };
		E7DEF343232D4EAC008296DB /* htn_MasterUITests.swift */ = {isa = PBXFileReference; lastKnownFileType = sourcecode.swift; path = htn_MasterUITests.swift; sourceTree = "<group>"; };
		E7DEF345232D4EAC008296DB /* Info.plist */ = {isa = PBXFileReference; lastKnownFileType = text.plist.xml; path = Info.plist; sourceTree = "<group>"; };
		EE9880ED1361B7056B778F14 /* Pods-htn-Master.release.xcconfig */ = {isa = PBXFileReference; includeInIndex = 1; lastKnownFileType = text.xcconfig; name = "Pods-htn-Master.release.xcconfig"; path = "Target Support Files/Pods-htn-Master/Pods-htn-Master.release.xcconfig"; sourceTree = "<group>"; };
/* End PBXFileReference section */

/* Begin PBXFrameworksBuildPhase section */
		E7DEF31B232D4EAA008296DB /* Frameworks */ = {
			isa = PBXFrameworksBuildPhase;
			buildActionMask = 2147483647;
			files = (
				6DC70DCE1A6113B0E437C5AE /* Pods_htn_Master.framework in Frameworks */,
			);
			runOnlyForDeploymentPostprocessing = 0;
		};
		E7DEF331232D4EAC008296DB /* Frameworks */ = {
			isa = PBXFrameworksBuildPhase;
			buildActionMask = 2147483647;
			files = (
				466A298B9405B97266CABF96 /* Pods_htn_MasterTests.framework in Frameworks */,
			);
			runOnlyForDeploymentPostprocessing = 0;
		};
		E7DEF33C232D4EAC008296DB /* Frameworks */ = {
			isa = PBXFrameworksBuildPhase;
			buildActionMask = 2147483647;
			files = (
				DA182945BE7830B09812E8C9 /* Pods_htn_MasterUITests.framework in Frameworks */,
			);
			runOnlyForDeploymentPostprocessing = 0;
		};
/* End PBXFrameworksBuildPhase section */

/* Begin PBXGroup section */
		9B46E100E98295CCC22D1F19 /* Pods */ = {
			isa = PBXGroup;
			children = (
				E30AD1E1FE8BB2A92FE3A0E6 /* Pods-htn-Master.debug.xcconfig */,
				EE9880ED1361B7056B778F14 /* Pods-htn-Master.release.xcconfig */,
				06AAA009D027D2B4042549D2 /* Pods-htn-MasterTests.debug.xcconfig */,
				99FBD070F7D66F625E4F65DB /* Pods-htn-MasterTests.release.xcconfig */,
				C927CF7F927E73611EC1E398 /* Pods-htn-MasterUITests.debug.xcconfig */,
				64352D54F9665CC98BC46E76 /* Pods-htn-MasterUITests.release.xcconfig */,
			);
			path = Pods;
			sourceTree = "<group>";
		};
		CCF089432F1EBEEB99B47E96 /* Frameworks */ = {
			isa = PBXGroup;
			children = (
				B0D3411648DD89281415CCF3 /* Pods_htn_Master.framework */,
				D656707228EFF2F9112D3009 /* Pods_htn_MasterTests.framework */,
				CD0983D1910C9056B635798F /* Pods_htn_MasterUITests.framework */,
			);
			name = Frameworks;
			sourceTree = "<group>";
		};
		E7DEF315232D4EAA008296DB = {
			isa = PBXGroup;
			children = (
				E7DEF320232D4EAA008296DB /* htn-Master */,
				E7DEF337232D4EAC008296DB /* htn-MasterTests */,
				E7DEF342232D4EAC008296DB /* htn-MasterUITests */,
				E7DEF31F232D4EAA008296DB /* Products */,
				9B46E100E98295CCC22D1F19 /* Pods */,
				CCF089432F1EBEEB99B47E96 /* Frameworks */,
			);
			sourceTree = "<group>";
		};
		E7DEF31F232D4EAA008296DB /* Products */ = {
			isa = PBXGroup;
			children = (
				E7DEF31E232D4EAA008296DB /* htn-Master.app */,
				E7DEF334232D4EAC008296DB /* htn-MasterTests.xctest */,
				E7DEF33F232D4EAC008296DB /* htn-MasterUITests.xctest */,
			);
			name = Products;
			sourceTree = "<group>";
		};
		E7DEF320232D4EAA008296DB /* htn-Master */ = {
			isa = PBXGroup;
			children = (
				E7DEF321232D4EAA008296DB /* AppDelegate.swift */,
				E7DEF325232D4EAA008296DB /* ViewController.swift */,
				E7DEF327232D4EAA008296DB /* Main.storyboard */,
				E7DEF323232D4EAA008296DB /* art.scnassets */,
				E7DEF32A232D4EAC008296DB /* Assets.xcassets */,
				E7DEF32C232D4EAC008296DB /* LaunchScreen.storyboard */,
				E7DEF32F232D4EAC008296DB /* Info.plist */,
			);
			path = "htn-Master";
			sourceTree = "<group>";
		};
		E7DEF337232D4EAC008296DB /* htn-MasterTests */ = {
			isa = PBXGroup;
			children = (
				E7DEF338232D4EAC008296DB /* htn_MasterTests.swift */,
				E7DEF33A232D4EAC008296DB /* Info.plist */,
			);
			path = "htn-MasterTests";
			sourceTree = "<group>";
		};
		E7DEF342232D4EAC008296DB /* htn-MasterUITests */ = {
			isa = PBXGroup;
			children = (
				E7DEF343232D4EAC008296DB /* htn_MasterUITests.swift */,
				E7DEF345232D4EAC008296DB /* Info.plist */,
			);
			path = "htn-MasterUITests";
			sourceTree = "<group>";
		};
/* End PBXGroup section */

/* Begin PBXNativeTarget section */
		E7DEF31D232D4EAA008296DB /* htn-Master */ = {
			isa = PBXNativeTarget;
			buildConfigurationList = E7DEF348232D4EAC008296DB /* Build configuration list for PBXNativeTarget "htn-Master" */;
			buildPhases = (
				D11DDBEEBE52893B3964B528 /* [CP] Check Pods Manifest.lock */,
				E7DEF31A232D4EAA008296DB /* Sources */,
				E7DEF31B232D4EAA008296DB /* Frameworks */,
				E7DEF31C232D4EAA008296DB /* Resources */,
				117309326774C9EF525F11A2 /* [CP] Embed Pods Frameworks */,
			);
			buildRules = (
			);
			dependencies = (
			);
			name = "htn-Master";
			productName = "htn-Master";
			productReference = E7DEF31E232D4EAA008296DB /* htn-Master.app */;
			productType = "com.apple.product-type.application";
		};
		E7DEF333232D4EAC008296DB /* htn-MasterTests */ = {
			isa = PBXNativeTarget;
			buildConfigurationList = E7DEF34B232D4EAC008296DB /* Build configuration list for PBXNativeTarget "htn-MasterTests" */;
			buildPhases = (
				E5502673B9999EF543ADE2DD /* [CP] Check Pods Manifest.lock */,
				E7DEF330232D4EAC008296DB /* Sources */,
				E7DEF331232D4EAC008296DB /* Frameworks */,
				E7DEF332232D4EAC008296DB /* Resources */,
			);
			buildRules = (
			);
			dependencies = (
				E7DEF336232D4EAC008296DB /* PBXTargetDependency */,
			);
			name = "htn-MasterTests";
			productName = "htn-MasterTests";
			productReference = E7DEF334232D4EAC008296DB /* htn-MasterTests.xctest */;
			productType = "com.apple.product-type.bundle.unit-test";
		};
		E7DEF33E232D4EAC008296DB /* htn-MasterUITests */ = {
			isa = PBXNativeTarget;
			buildConfigurationList = E7DEF34E232D4EAC008296DB /* Build configuration list for PBXNativeTarget "htn-MasterUITests" */;
			buildPhases = (
				480100D8726BF5EFF25AB4F5 /* [CP] Check Pods Manifest.lock */,
				E7DEF33B232D4EAC008296DB /* Sources */,
				E7DEF33C232D4EAC008296DB /* Frameworks */,
				E7DEF33D232D4EAC008296DB /* Resources */,
			);
			buildRules = (
			);
			dependencies = (
				E7DEF341232D4EAC008296DB /* PBXTargetDependency */,
			);
			name = "htn-MasterUITests";
			productName = "htn-MasterUITests";
			productReference = E7DEF33F232D4EAC008296DB /* htn-MasterUITests.xctest */;
			productType = "com.apple.product-type.bundle.ui-testing";
		};
/* End PBXNativeTarget section */

/* Begin PBXProject section */
		E7DEF316232D4EAA008296DB /* Project object */ = {
			isa = PBXProject;
			attributes = {
				LastSwiftUpdateCheck = 1030;
				LastUpgradeCheck = 1030;
				ORGANIZATIONNAME = "Dan Li";
				TargetAttributes = {
					E7DEF31D232D4EAA008296DB = {
						CreatedOnToolsVersion = 10.3;
					};
					E7DEF333232D4EAC008296DB = {
						CreatedOnToolsVersion = 10.3;
						TestTargetID = E7DEF31D232D4EAA008296DB;
					};
					E7DEF33E232D4EAC008296DB = {
						CreatedOnToolsVersion = 10.3;
						TestTargetID = E7DEF31D232D4EAA008296DB;
					};
				};
			};
			buildConfigurationList = E7DEF319232D4EAA008296DB /* Build configuration list for PBXProject "htn-Master" */;
			compatibilityVersion = "Xcode 9.3";
			developmentRegion = en;
			hasScannedForEncodings = 0;
			knownRegions = (
				en,
				Base,
			);
			mainGroup = E7DEF315232D4EAA008296DB;
			productRefGroup = E7DEF31F232D4EAA008296DB /* Products */;
			projectDirPath = "";
			projectRoot = "";
			targets = (
				E7DEF31D232D4EAA008296DB /* htn-Master */,
				E7DEF333232D4EAC008296DB /* htn-MasterTests */,
				E7DEF33E232D4EAC008296DB /* htn-MasterUITests */,
			);
		};
/* End PBXProject section */

/* Begin PBXResourcesBuildPhase section */
		E7DEF31C232D4EAA008296DB /* Resources */ = {
			isa = PBXResourcesBuildPhase;
			buildActionMask = 2147483647;
			files = (
				E7DEF324232D4EAA008296DB /* art.scnassets in Resources */,
				E7DEF32E232D4EAC008296DB /* LaunchScreen.storyboard in Resources */,
				E7DEF32B232D4EAC008296DB /* Assets.xcassets in Resources */,
				E7DEF329232D4EAA008296DB /* Main.storyboard in Resources */,
			);
			runOnlyForDeploymentPostprocessing = 0;
		};
		E7DEF332232D4EAC008296DB /* Resources */ = {
			isa = PBXResourcesBuildPhase;
			buildActionMask = 2147483647;
			files = (
			);
			runOnlyForDeploymentPostprocessing = 0;
		};
		E7DEF33D232D4EAC008296DB /* Resources */ = {
			isa = PBXResourcesBuildPhase;
			buildActionMask = 2147483647;
			files = (
			);
			runOnlyForDeploymentPostprocessing = 0;
		};
/* End PBXResourcesBuildPhase section */

/* Begin PBXShellScriptBuildPhase section */
		117309326774C9EF525F11A2 /* [CP] Embed Pods Frameworks */ = {
			isa = PBXShellScriptBuildPhase;
			buildActionMask = 2147483647;
			files = (
			);
			inputFileListPaths = (
				"${PODS_ROOT}/Target Support Files/Pods-htn-Master/Pods-htn-Master-frameworks-${CONFIGURATION}-input-files.xcfilelist",
			);
			name = "[CP] Embed Pods Frameworks";
			outputFileListPaths = (
				"${PODS_ROOT}/Target Support Files/Pods-htn-Master/Pods-htn-Master-frameworks-${CONFIGURATION}-output-files.xcfilelist",
			);
			runOnlyForDeploymentPostprocessing = 0;
			shellPath = /bin/sh;
			shellScript = "\"${PODS_ROOT}/Target Support Files/Pods-htn-Master/Pods-htn-Master-frameworks.sh\"\n";
			showEnvVarsInLog = 0;
		};
		480100D8726BF5EFF25AB4F5 /* [CP] Check Pods Manifest.lock */ = {
			isa = PBXShellScriptBuildPhase;
			buildActionMask = 2147483647;
			files = (
			);
			inputFileListPaths = (
			);
			inputPaths = (
				"${PODS_PODFILE_DIR_PATH}/Podfile.lock",
				"${PODS_ROOT}/Manifest.lock",
			);
			name = "[CP] Check Pods Manifest.lock";
			outputFileListPaths = (
			);
			outputPaths = (
				"$(DERIVED_FILE_DIR)/Pods-htn-MasterUITests-checkManifestLockResult.txt",
			);
			runOnlyForDeploymentPostprocessing = 0;
			shellPath = /bin/sh;
			shellScript = "diff \"${PODS_PODFILE_DIR_PATH}/Podfile.lock\" \"${PODS_ROOT}/Manifest.lock\" > /dev/null\nif [ $? != 0 ] ; then\n    # print error to STDERR\n    echo \"error: The sandbox is not in sync with the Podfile.lock. Run 'pod install' or update your CocoaPods installation.\" >&2\n    exit 1\nfi\n# This output is used by Xcode 'outputs' to avoid re-running this script phase.\necho \"SUCCESS\" > \"${SCRIPT_OUTPUT_FILE_0}\"\n";
			showEnvVarsInLog = 0;
		};
		D11DDBEEBE52893B3964B528 /* [CP] Check Pods Manifest.lock */ = {
			isa = PBXShellScriptBuildPhase;
			buildActionMask = 2147483647;
			files = (
			);
			inputFileListPaths = (
			);
			inputPaths = (
				"${PODS_PODFILE_DIR_PATH}/Podfile.lock",
				"${PODS_ROOT}/Manifest.lock",
			);
			name = "[CP] Check Pods Manifest.lock";
			outputFileListPaths = (
			);
			outputPaths = (
				"$(DERIVED_FILE_DIR)/Pods-htn-Master-checkManifestLockResult.txt",
			);
			runOnlyForDeploymentPostprocessing = 0;
			shellPath = /bin/sh;
			shellScript = "diff \"${PODS_PODFILE_DIR_PATH}/Podfile.lock\" \"${PODS_ROOT}/Manifest.lock\" > /dev/null\nif [ $? != 0 ] ; then\n    # print error to STDERR\n    echo \"error: The sandbox is not in sync with the Podfile.lock. Run 'pod install' or update your CocoaPods installation.\" >&2\n    exit 1\nfi\n# This output is used by Xcode 'outputs' to avoid re-running this script phase.\necho \"SUCCESS\" > \"${SCRIPT_OUTPUT_FILE_0}\"\n";
			showEnvVarsInLog = 0;
		};
		E5502673B9999EF543ADE2DD /* [CP] Check Pods Manifest.lock */ = {
			isa = PBXShellScriptBuildPhase;
			buildActionMask = 2147483647;
			files = (
			);
			inputFileListPaths = (
			);
			inputPaths = (
				"${PODS_PODFILE_DIR_PATH}/Podfile.lock",
				"${PODS_ROOT}/Manifest.lock",
			);
			name = "[CP] Check Pods Manifest.lock";
			outputFileListPaths = (
			);
			outputPaths = (
				"$(DERIVED_FILE_DIR)/Pods-htn-MasterTests-checkManifestLockResult.txt",
			);
			runOnlyForDeploymentPostprocessing = 0;
			shellPath = /bin/sh;
			shellScript = "diff \"${PODS_PODFILE_DIR_PATH}/Podfile.lock\" \"${PODS_ROOT}/Manifest.lock\" > /dev/null\nif [ $? != 0 ] ; then\n    # print error to STDERR\n    echo \"error: The sandbox is not in sync with the Podfile.lock. Run 'pod install' or update your CocoaPods installation.\" >&2\n    exit 1\nfi\n# This output is used by Xcode 'outputs' to avoid re-running this script phase.\necho \"SUCCESS\" > \"${SCRIPT_OUTPUT_FILE_0}\"\n";
			showEnvVarsInLog = 0;
		};
/* End PBXShellScriptBuildPhase section */

/* Begin PBXSourcesBuildPhase section */
		E7DEF31A232D4EAA008296DB /* Sources */ = {
			isa = PBXSourcesBuildPhase;
			buildActionMask = 2147483647;
			files = (
				E7DEF326232D4EAA008296DB /* ViewController.swift in Sources */,
				E7DEF322232D4EAA008296DB /* AppDelegate.swift in Sources */,
			);
			runOnlyForDeploymentPostprocessing = 0;
		};
		E7DEF330232D4EAC008296DB /* Sources */ = {
			isa = PBXSourcesBuildPhase;
			buildActionMask = 2147483647;
			files = (
				E7DEF339232D4EAC008296DB /* htn_MasterTests.swift in Sources */,
			);
			runOnlyForDeploymentPostprocessing = 0;
		};
		E7DEF33B232D4EAC008296DB /* Sources */ = {
			isa = PBXSourcesBuildPhase;
			buildActionMask = 2147483647;
			files = (
				E7DEF344232D4EAC008296DB /* htn_MasterUITests.swift in Sources */,
			);
			runOnlyForDeploymentPostprocessing = 0;
		};
/* End PBXSourcesBuildPhase section */

/* Begin PBXTargetDependency section */
		E7DEF336232D4EAC008296DB /* PBXTargetDependency */ = {
			isa = PBXTargetDependency;
			target = E7DEF31D232D4EAA008296DB /* htn-Master */;
			targetProxy = E7DEF335232D4EAC008296DB /* PBXContainerItemProxy */;
		};
		E7DEF341232D4EAC008296DB /* PBXTargetDependency */ = {
			isa = PBXTargetDependency;
			target = E7DEF31D232D4EAA008296DB /* htn-Master */;
			targetProxy = E7DEF340232D4EAC008296DB /* PBXContainerItemProxy */;
		};
/* End PBXTargetDependency section */

/* Begin PBXVariantGroup section */
		E7DEF327232D4EAA008296DB /* Main.storyboard */ = {
			isa = PBXVariantGroup;
			children = (
				E7DEF328232D4EAA008296DB /* Base */,
			);
			name = Main.storyboard;
			sourceTree = "<group>";
		};
		E7DEF32C232D4EAC008296DB /* LaunchScreen.storyboard */ = {
			isa = PBXVariantGroup;
			children = (
				E7DEF32D232D4EAC008296DB /* Base */,
			);
			name = LaunchScreen.storyboard;
			sourceTree = "<group>";
		};
/* End PBXVariantGroup section */

/* Begin XCBuildConfiguration section */
		E7DEF346232D4EAC008296DB /* Debug */ = {
			isa = XCBuildConfiguration;
			buildSettings = {
				ALWAYS_SEARCH_USER_PATHS = NO;
				CLANG_ANALYZER_NONNULL = YES;
				CLANG_ANALYZER_NUMBER_OBJECT_CONVERSION = YES_AGGRESSIVE;
				CLANG_CXX_LANGUAGE_STANDARD = "gnu++14";
				CLANG_CXX_LIBRARY = "libc++";
				CLANG_ENABLE_MODULES = YES;
				CLANG_ENABLE_OBJC_ARC = YES;
				CLANG_ENABLE_OBJC_WEAK = YES;
				CLANG_WARN_BLOCK_CAPTURE_AUTORELEASING = YES;
				CLANG_WARN_BOOL_CONVERSION = YES;
				CLANG_WARN_COMMA = YES;
				CLANG_WARN_CONSTANT_CONVERSION = YES;
				CLANG_WARN_DEPRECATED_OBJC_IMPLEMENTATIONS = YES;
				CLANG_WARN_DIRECT_OBJC_ISA_USAGE = YES_ERROR;
				CLANG_WARN_DOCUMENTATION_COMMENTS = YES;
				CLANG_WARN_EMPTY_BODY = YES;
				CLANG_WARN_ENUM_CONVERSION = YES;
				CLANG_WARN_INFINITE_RECURSION = YES;
				CLANG_WARN_INT_CONVERSION = YES;
				CLANG_WARN_NON_LITERAL_NULL_CONVERSION = YES;
				CLANG_WARN_OBJC_IMPLICIT_RETAIN_SELF = YES;
				CLANG_WARN_OBJC_LITERAL_CONVERSION = YES;
				CLANG_WARN_OBJC_ROOT_CLASS = YES_ERROR;
				CLANG_WARN_RANGE_LOOP_ANALYSIS = YES;
				CLANG_WARN_STRICT_PROTOTYPES = YES;
				CLANG_WARN_SUSPICIOUS_MOVE = YES;
				CLANG_WARN_UNGUARDED_AVAILABILITY = YES_AGGRESSIVE;
				CLANG_WARN_UNREACHABLE_CODE = YES;
				CLANG_WARN__DUPLICATE_METHOD_MATCH = YES;
				CODE_SIGN_IDENTITY = "iPhone Developer";
				COPY_PHASE_STRIP = NO;
				DEBUG_INFORMATION_FORMAT = dwarf;
				ENABLE_STRICT_OBJC_MSGSEND = YES;
				ENABLE_TESTABILITY = YES;
				GCC_C_LANGUAGE_STANDARD = gnu11;
				GCC_DYNAMIC_NO_PIC = NO;
				GCC_NO_COMMON_BLOCKS = YES;
				GCC_OPTIMIZATION_LEVEL = 0;
				GCC_PREPROCESSOR_DEFINITIONS = (
					"DEBUG=1",
					"$(inherited)",
				);
				GCC_WARN_64_TO_32_BIT_CONVERSION = YES;
				GCC_WARN_ABOUT_RETURN_TYPE = YES_ERROR;
				GCC_WARN_UNDECLARED_SELECTOR = YES;
				GCC_WARN_UNINITIALIZED_AUTOS = YES_AGGRESSIVE;
				GCC_WARN_UNUSED_FUNCTION = YES;
				GCC_WARN_UNUSED_VARIABLE = YES;
				IPHONEOS_DEPLOYMENT_TARGET = 12.4;
				MTL_ENABLE_DEBUG_INFO = INCLUDE_SOURCE;
				MTL_FAST_MATH = YES;
				ONLY_ACTIVE_ARCH = YES;
				SDKROOT = iphoneos;
				SWIFT_ACTIVE_COMPILATION_CONDITIONS = DEBUG;
				SWIFT_OPTIMIZATION_LEVEL = "-Onone";
			};
			name = Debug;
		};
		E7DEF347232D4EAC008296DB /* Release */ = {
			isa = XCBuildConfiguration;
			buildSettings = {
				ALWAYS_SEARCH_USER_PATHS = NO;
				CLANG_ANALYZER_NONNULL = YES;
				CLANG_ANALYZER_NUMBER_OBJECT_CONVERSION = YES_AGGRESSIVE;
				CLANG_CXX_LANGUAGE_STANDARD = "gnu++14";
				CLANG_CXX_LIBRARY = "libc++";
				CLANG_ENABLE_MODULES = YES;
				CLANG_ENABLE_OBJC_ARC = YES;
				CLANG_ENABLE_OBJC_WEAK = YES;
				CLANG_WARN_BLOCK_CAPTURE_AUTORELEASING = YES;
				CLANG_WARN_BOOL_CONVERSION = YES;
				CLANG_WARN_COMMA = YES;
				CLANG_WARN_CONSTANT_CONVERSION = YES;
				CLANG_WARN_DEPRECATED_OBJC_IMPLEMENTATIONS = YES;
				CLANG_WARN_DIRECT_OBJC_ISA_USAGE = YES_ERROR;
				CLANG_WARN_DOCUMENTATION_COMMENTS = YES;
				CLANG_WARN_EMPTY_BODY = YES;
				CLANG_WARN_ENUM_CONVERSION = YES;
				CLANG_WARN_INFINITE_RECURSION = YES;
				CLANG_WARN_INT_CONVERSION = YES;
				CLANG_WARN_NON_LITERAL_NULL_CONVERSION = YES;
				CLANG_WARN_OBJC_IMPLICIT_RETAIN_SELF = YES;
				CLANG_WARN_OBJC_LITERAL_CONVERSION = YES;
				CLANG_WARN_OBJC_ROOT_CLASS = YES_ERROR;
				CLANG_WARN_RANGE_LOOP_ANALYSIS = YES;
				CLANG_WARN_STRICT_PROTOTYPES = YES;
				CLANG_WARN_SUSPICIOUS_MOVE = YES;
				CLANG_WARN_UNGUARDED_AVAILABILITY = YES_AGGRESSIVE;
				CLANG_WARN_UNREACHABLE_CODE = YES;
				CLANG_WARN__DUPLICATE_METHOD_MATCH = YES;
				CODE_SIGN_IDENTITY = "iPhone Developer";
				COPY_PHASE_STRIP = NO;
				DEBUG_INFORMATION_FORMAT = "dwarf-with-dsym";
				ENABLE_NS_ASSERTIONS = NO;
				ENABLE_STRICT_OBJC_MSGSEND = YES;
				GCC_C_LANGUAGE_STANDARD = gnu11;
				GCC_NO_COMMON_BLOCKS = YES;
				GCC_WARN_64_TO_32_BIT_CONVERSION = YES;
				GCC_WARN_ABOUT_RETURN_TYPE = YES_ERROR;
				GCC_WARN_UNDECLARED_SELECTOR = YES;
				GCC_WARN_UNINITIALIZED_AUTOS = YES_AGGRESSIVE;
				GCC_WARN_UNUSED_FUNCTION = YES;
				GCC_WARN_UNUSED_VARIABLE = YES;
				IPHONEOS_DEPLOYMENT_TARGET = 12.4;
				MTL_ENABLE_DEBUG_INFO = NO;
				MTL_FAST_MATH = YES;
				SDKROOT = iphoneos;
				SWIFT_COMPILATION_MODE = wholemodule;
				SWIFT_OPTIMIZATION_LEVEL = "-O";
				VALIDATE_PRODUCT = YES;
			};
			name = Release;
		};
		E7DEF349232D4EAC008296DB /* Debug */ = {
			isa = XCBuildConfiguration;
			baseConfigurationReference = E30AD1E1FE8BB2A92FE3A0E6 /* Pods-htn-Master.debug.xcconfig */;
			buildSettings = {
				ASSETCATALOG_COMPILER_APPICON_NAME = AppIcon;
				CODE_SIGN_STYLE = Automatic;
				DEVELOPMENT_TEAM = AJAPZP9764;
				INFOPLIST_FILE = "htn-Master/Info.plist";
				LD_RUNPATH_SEARCH_PATHS = (
					"$(inherited)",
					"@executable_path/Frameworks",
				);
				PRODUCT_BUNDLE_IDENTIFIER = "htn.htn-Master";
				PRODUCT_NAME = "$(TARGET_NAME)";
				SWIFT_VERSION = 5.0;
				TARGETED_DEVICE_FAMILY = "1,2";
			};
			name = Debug;
		};
		E7DEF34A232D4EAC008296DB /* Release */ = {
			isa = XCBuildConfiguration;
			baseConfigurationReference = EE9880ED1361B7056B778F14 /* Pods-htn-Master.release.xcconfig */;
			buildSettings = {
				ASSETCATALOG_COMPILER_APPICON_NAME = AppIcon;
				CODE_SIGN_STYLE = Automatic;
				DEVELOPMENT_TEAM = AJAPZP9764;
				INFOPLIST_FILE = "htn-Master/Info.plist";
				LD_RUNPATH_SEARCH_PATHS = (
					"$(inherited)",
					"@executable_path/Frameworks",
				);
				PRODUCT_BUNDLE_IDENTIFIER = "htn.htn-Master";
				PRODUCT_NAME = "$(TARGET_NAME)";
				SWIFT_VERSION = 5.0;
				TARGETED_DEVICE_FAMILY = "1,2";
			};
			name = Release;
		};
		E7DEF34C232D4EAC008296DB /* Debug */ = {
			isa = XCBuildConfiguration;
			baseConfigurationReference = 06AAA009D027D2B4042549D2 /* Pods-htn-MasterTests.debug.xcconfig */;
			buildSettings = {
				ALWAYS_EMBED_SWIFT_STANDARD_LIBRARIES = YES;
				BUNDLE_LOADER = "$(TEST_HOST)";
				CODE_SIGN_STYLE = Automatic;
				DEVELOPMENT_TEAM = AJAPZP9764;
				INFOPLIST_FILE = "htn-MasterTests/Info.plist";
				LD_RUNPATH_SEARCH_PATHS = (
					"$(inherited)",
					"@executable_path/Frameworks",
					"@loader_path/Frameworks",
				);
				PRODUCT_BUNDLE_IDENTIFIER = "htn.htn-MasterTests";
				PRODUCT_NAME = "$(TARGET_NAME)";
				SWIFT_VERSION = 5.0;
				TARGETED_DEVICE_FAMILY = "1,2";
				TEST_HOST = "$(BUILT_PRODUCTS_DIR)/htn-Master.app/htn-Master";
			};
			name = Debug;
		};
		E7DEF34D232D4EAC008296DB /* Release */ = {
			isa = XCBuildConfiguration;
			baseConfigurationReference = 99FBD070F7D66F625E4F65DB /* Pods-htn-MasterTests.release.xcconfig */;
			buildSettings = {
				ALWAYS_EMBED_SWIFT_STANDARD_LIBRARIES = YES;
				BUNDLE_LOADER = "$(TEST_HOST)";
				CODE_SIGN_STYLE = Automatic;
				DEVELOPMENT_TEAM = AJAPZP9764;
				INFOPLIST_FILE = "htn-MasterTests/Info.plist";
				LD_RUNPATH_SEARCH_PATHS = (
					"$(inherited)",
					"@executable_path/Frameworks",
					"@loader_path/Frameworks",
				);
				PRODUCT_BUNDLE_IDENTIFIER = "htn.htn-MasterTests";
				PRODUCT_NAME = "$(TARGET_NAME)";
				SWIFT_VERSION = 5.0;
				TARGETED_DEVICE_FAMILY = "1,2";
				TEST_HOST = "$(BUILT_PRODUCTS_DIR)/htn-Master.app/htn-Master";
			};
			name = Release;
		};
		E7DEF34F232D4EAC008296DB /* Debug */ = {
			isa = XCBuildConfiguration;
			baseConfigurationReference = C927CF7F927E73611EC1E398 /* Pods-htn-MasterUITests.debug.xcconfig */;
			buildSettings = {
				ALWAYS_EMBED_SWIFT_STANDARD_LIBRARIES = YES;
				CODE_SIGN_STYLE = Automatic;
				DEVELOPMENT_TEAM = AJAPZP9764;
				INFOPLIST_FILE = "htn-MasterUITests/Info.plist";
				LD_RUNPATH_SEARCH_PATHS = (
					"$(inherited)",
					"@executable_path/Frameworks",
					"@loader_path/Frameworks",
				);
				PRODUCT_BUNDLE_IDENTIFIER = "htn.htn-MasterUITests";
				PRODUCT_NAME = "$(TARGET_NAME)";
				SWIFT_VERSION = 5.0;
				TARGETED_DEVICE_FAMILY = "1,2";
				TEST_TARGET_NAME = "htn-Master";
			};
			name = Debug;
		};
		E7DEF350232D4EAC008296DB /* Release */ = {
			isa = XCBuildConfiguration;
			baseConfigurationReference = 64352D54F9665CC98BC46E76 /* Pods-htn-MasterUITests.release.xcconfig */;
			buildSettings = {
				ALWAYS_EMBED_SWIFT_STANDARD_LIBRARIES = YES;
				CODE_SIGN_STYLE = Automatic;
				DEVELOPMENT_TEAM = AJAPZP9764;
				INFOPLIST_FILE = "htn-MasterUITests/Info.plist";
				LD_RUNPATH_SEARCH_PATHS = (
					"$(inherited)",
					"@executable_path/Frameworks",
					"@loader_path/Frameworks",
				);
				PRODUCT_BUNDLE_IDENTIFIER = "htn.htn-MasterUITests";
				PRODUCT_NAME = "$(TARGET_NAME)";
				SWIFT_VERSION = 5.0;
				TARGETED_DEVICE_FAMILY = "1,2";
				TEST_TARGET_NAME = "htn-Master";
			};
			name = Release;
		};
/* End XCBuildConfiguration section */

/* Begin XCConfigurationList section */
		E7DEF319232D4EAA008296DB /* Build configuration list for PBXProject "htn-Master" */ = {
			isa = XCConfigurationList;
			buildConfigurations = (
				E7DEF346232D4EAC008296DB /* Debug */,
				E7DEF347232D4EAC008296DB /* Release */,
			);
			defaultConfigurationIsVisible = 0;
			defaultConfigurationName = Release;
		};
		E7DEF348232D4EAC008296DB /* Build configuration list for PBXNativeTarget "htn-Master" */ = {
			isa = XCConfigurationList;
			buildConfigurations = (
				E7DEF349232D4EAC008296DB /* Debug */,
				E7DEF34A232D4EAC008296DB /* Release */,
			);
			defaultConfigurationIsVisible = 0;
			defaultConfigurationName = Release;
		};
		E7DEF34B232D4EAC008296DB /* Build configuration list for PBXNativeTarget "htn-MasterTests" */ = {
			isa = XCConfigurationList;
			buildConfigurations = (
				E7DEF34C232D4EAC008296DB /* Debug */,
				E7DEF34D232D4EAC008296DB /* Release */,
			);
			defaultConfigurationIsVisible = 0;
			defaultConfigurationName = Release;
		};
		E7DEF34E232D4EAC008296DB /* Build configuration list for PBXNativeTarget "htn-MasterUITests" */ = {
			isa = XCConfigurationList;
			buildConfigurations = (
				E7DEF34F232D4EAC008296DB /* Debug */,
				E7DEF350232D4EAC008296DB /* Release */,
			);
			defaultConfigurationIsVisible = 0;
			defaultConfigurationName = Release;
		};
/* End XCConfigurationList section */
	};
	rootObject = E7DEF316232D4EAA008296DB /* Project object */;
}
